
Microsoft Visual Studio Solution File, Format Version 12.00
# Visual Studio 2013
VisualStudioVersion = 12.0.30723.0
MinimumVisualStudioVersion = 10.0.40219.1
Project("{D954291E-2A0B-460D-934E-DC6B0785DB48}") = "MonkeySay", "MonkeySay\MonkeySay\MonkeySay.shproj", "{EE950822-5C34-4B26-8847-6D944F31C5BC}"
EndProject
Project("{FAE04EC0-301F-11D3-BF4B-00C04F79EFBC}") = "MonkeySay.WinPhone", "MonkeySay\MonkeySay.WinPhone\MonkeySay.WinPhone.csproj", "{C1C5A21B-4A6D-491B-AB2D-D90B1CBE22CA}"
EndProject
Project("{FAE04EC0-301F-11D3-BF4B-00C04F79EFBC}") = "MonkeySay.iOS", "MonkeySay\MonkeySay.iOS\MonkeySay.iOS.csproj", "{151FF7AE-B6A5-48A3-81DD-F047F431EF3D}"
EndProject
Project("{FAE04EC0-301F-11D3-BF4B-00C04F79EFBC}") = "MonkeySay.Droid", "MonkeySay\MonkeySay.Droid\MonkeySay.Droid.csproj", "{A9F93C19-9A1A-4056-BCBC-94BCA65731B9}"
EndProject
Global
	GlobalSection(SharedMSBuildProjectFiles) = preSolution
		MonkeySay\MonkeySay\MonkeySay.projitems*{a9f93c19-9a1a-4056-bcbc-94bca65731b9}*SharedItemsImports = 4
		MonkeySay\MonkeySay\MonkeySay.projitems*{ee950822-5c34-4b26-8847-6d944f31c5bc}*SharedItemsImports = 13
		MonkeySay\MonkeySay\MonkeySay.projitems*{c1c5a21b-4a6d-491b-ab2d-d90b1cbe22ca}*SharedItemsImports = 4
		MonkeySay\MonkeySay\MonkeySay.projitems*{151ff7ae-b6a5-48a3-81dd-f047f431ef3d}*SharedItemsImports = 4
	EndGlobalSection
	GlobalSection(SolutionConfigurationPlatforms) = preSolution
		Ad-Hoc|Any CPU = Ad-Hoc|Any CPU
		Ad-Hoc|ARM = Ad-Hoc|ARM
		Ad-Hoc|iPhone = Ad-Hoc|iPhone
		Ad-Hoc|iPhoneSimulator = Ad-Hoc|iPhoneSimulator
		Ad-Hoc|Mixed Platforms = Ad-Hoc|Mixed Platforms
		Ad-Hoc|x86 = Ad-Hoc|x86
		AppStore|Any CPU = AppStore|Any CPU
		AppStore|ARM = AppStore|ARM
		AppStore|iPhone = AppStore|iPhone
		AppStore|iPhoneSimulator = AppStore|iPhoneSimulator
		AppStore|Mixed Platforms = AppStore|Mixed Platforms
		AppStore|x86 = AppStore|x86
		Debug|Any CPU = Debug|Any CPU
		Debug|ARM = Debug|ARM
		Debug|iPhone = Debug|iPhone
		Debug|iPhoneSimulator = Debug|iPhoneSimulator
		Debug|Mixed Platforms = Debug|Mixed Platforms
		Debug|x86 = Debug|x86
		Release|Any CPU = Release|Any CPU
		Release|ARM = Release|ARM
		Release|iPhone = Release|iPhone
		Release|iPhoneSimulator = Release|iPhoneSimulator
		Release|Mixed Platforms = Release|Mixed Platforms
		Release|x86 = Release|x86
	EndGlobalSection
	GlobalSection(ProjectConfigurationPlatforms) = postSolution
		{C1C5A21B-4A6D-491B-AB2D-D90B1CBE22CA}.Ad-Hoc|Any CPU.ActiveCfg = Release|Any CPU
		{C1C5A21B-4A6D-491B-AB2D-D90B1CBE22CA}.Ad-Hoc|Any CPU.Build.0 = Release|Any CPU
		{C1C5A21B-4A6D-491B-AB2D-D90B1CBE22CA}.Ad-Hoc|Any CPU.Deploy.0 = Release|Any CPU
		{C1C5A21B-4A6D-491B-AB2D-D90B1CBE22CA}.Ad-Hoc|ARM.ActiveCfg = Release|ARM
		{C1C5A21B-4A6D-491B-AB2D-D90B1CBE22CA}.Ad-Hoc|ARM.Build.0 = Release|ARM
		{C1C5A21B-4A6D-491B-AB2D-D90B1CBE22CA}.Ad-Hoc|ARM.Deploy.0 = Release|ARM
		{C1C5A21B-4A6D-491B-AB2D-D90B1CBE22CA}.Ad-Hoc|iPhone.ActiveCfg = Release|Any CPU
		{C1C5A21B-4A6D-491B-AB2D-D90B1CBE22CA}.Ad-Hoc|iPhoneSimulator.ActiveCfg = Release|Any CPU
		{C1C5A21B-4A6D-491B-AB2D-D90B1CBE22CA}.Ad-Hoc|Mixed Platforms.ActiveCfg = Release|x86
		{C1C5A21B-4A6D-491B-AB2D-D90B1CBE22CA}.Ad-Hoc|Mixed Platforms.Build.0 = Release|x86
		{C1C5A21B-4A6D-491B-AB2D-D90B1CBE22CA}.Ad-Hoc|Mixed Platforms.Deploy.0 = Release|x86
		{C1C5A21B-4A6D-491B-AB2D-D90B1CBE22CA}.Ad-Hoc|x86.ActiveCfg = Release|x86
		{C1C5A21B-4A6D-491B-AB2D-D90B1CBE22CA}.Ad-Hoc|x86.Build.0 = Release|x86
		{C1C5A21B-4A6D-491B-AB2D-D90B1CBE22CA}.Ad-Hoc|x86.Deploy.0 = Release|x86
		{C1C5A21B-4A6D-491B-AB2D-D90B1CBE22CA}.AppStore|Any CPU.ActiveCfg = Release|Any CPU
		{C1C5A21B-4A6D-491B-AB2D-D90B1CBE22CA}.AppStore|Any CPU.Build.0 = Release|Any CPU
		{C1C5A21B-4A6D-491B-AB2D-D90B1CBE22CA}.AppStore|Any CPU.Deploy.0 = Release|Any CPU
		{C1C5A21B-4A6D-491B-AB2D-D90B1CBE22CA}.AppStore|ARM.ActiveCfg = Release|ARM
		{C1C5A21B-4A6D-491B-AB2D-D90B1CBE22CA}.AppStore|ARM.Build.0 = Release|ARM
		{C1C5A21B-4A6D-491B-AB2D-D90B1CBE22CA}.AppStore|ARM.Deploy.0 = Release|ARM
		{C1C5A21B-4A6D-491B-AB2D-D90B1CBE22CA}.AppStore|iPhone.ActiveCfg = Release|Any CPU
		{C1C5A21B-4A6D-491B-AB2D-D90B1CBE22CA}.AppStore|iPhoneSimulator.ActiveCfg = Release|Any CPU
		{C1C5A21B-4A6D-491B-AB2D-D90B1CBE22CA}.AppStore|Mixed Platforms.ActiveCfg = Release|x86
		{C1C5A21B-4A6D-491B-AB2D-D90B1CBE22CA}.AppStore|Mixed Platforms.Build.0 = Release|x86
		{C1C5A21B-4A6D-491B-AB2D-D90B1CBE22CA}.AppStore|Mixed Platforms.Deploy.0 = Release|x86
		{C1C5A21B-4A6D-491B-AB2D-D90B1CBE22CA}.AppStore|x86.ActiveCfg = Release|x86
		{C1C5A21B-4A6D-491B-AB2D-D90B1CBE22CA}.AppStore|x86.Build.0 = Release|x86
		{C1C5A21B-4A6D-491B-AB2D-D90B1CBE22CA}.AppStore|x86.Deploy.0 = Release|x86
		{C1C5A21B-4A6D-491B-AB2D-D90B1CBE22CA}.Debug|Any CPU.ActiveCfg = Debug|Any CPU
		{C1C5A21B-4A6D-491B-AB2D-D90B1CBE22CA}.Debug|Any CPU.Build.0 = Debug|Any CPU
		{C1C5A21B-4A6D-491B-AB2D-D90B1CBE22CA}.Debug|Any CPU.Deploy.0 = Debug|Any CPU
		{C1C5A21B-4A6D-491B-AB2D-D90B1CBE22CA}.Debug|ARM.ActiveCfg = Debug|ARM
		{C1C5A21B-4A6D-491B-AB2D-D90B1CBE22CA}.Debug|ARM.Build.0 = Debug|ARM
		{C1C5A21B-4A6D-491B-AB2D-D90B1CBE22CA}.Debug|ARM.Deploy.0 = Debug|ARM
		{C1C5A21B-4A6D-491B-AB2D-D90B1CBE22CA}.Debug|iPhone.ActiveCfg = Debug|Any CPU
		{C1C5A21B-4A6D-491B-AB2D-D90B1CBE22CA}.Debug|iPhoneSimulator.ActiveCfg = Debug|Any CPU
		{C1C5A21B-4A6D-491B-AB2D-D90B1CBE22CA}.Debug|Mixed Platforms.ActiveCfg = Debug|x86
		{C1C5A21B-4A6D-491B-AB2D-D90B1CBE22CA}.Debug|Mixed Platforms.Build.0 = Debug|x86
		{C1C5A21B-4A6D-491B-AB2D-D90B1CBE22CA}.Debug|Mixed Platforms.Deploy.0 = Debug|x86
		{C1C5A21B-4A6D-491B-AB2D-D90B1CBE22CA}.Debug|x86.ActiveCfg = Debug|x86
		{C1C5A21B-4A6D-491B-AB2D-D90B1CBE22CA}.Debug|x86.Build.0 = Debug|x86
		{C1C5A21B-4A6D-491B-AB2D-D90B1CBE22CA}.Debug|x86.Deploy.0 = Debug|x86
		{C1C5A21B-4A6D-491B-AB2D-D90B1CBE22CA}.Release|Any CPU.ActiveCfg = Release|Any CPU
		{C1C5A21B-4A6D-491B-AB2D-D90B1CBE22CA}.Release|Any CPU.Build.0 = Release|Any CPU
		{C1C5A21B-4A6D-491B-AB2D-D90B1CBE22CA}.Release|Any CPU.Deploy.0 = Release|Any CPU
		{C1C5A21B-4A6D-491B-AB2D-D90B1CBE22CA}.Release|ARM.ActiveCfg = Release|ARM
		{C1C5A21B-4A6D-491B-AB2D-D90B1CBE22CA}.Release|ARM.Build.0 = Release|ARM
		{C1C5A21B-4A6D-491B-AB2D-D90B1CBE22CA}.Release|ARM.Deploy.0 = Release|ARM
		{C1C5A21B-4A6D-491B-AB2D-D90B1CBE22CA}.Release|iPhone.ActiveCfg = Release|Any CPU
		{C1C5A21B-4A6D-491B-AB2D-D90B1CBE22CA}.Release|iPhoneSimulator.ActiveCfg = Release|Any CPU
		{C1C5A21B-4A6D-491B-AB2D-D90B1CBE22CA}.Release|Mixed Platforms.ActiveCfg = Release|x86
		{C1C5A21B-4A6D-491B-AB2D-D90B1CBE22CA}.Release|Mixed Platforms.Build.0 = Release|x86
		{C1C5A21B-4A6D-491B-AB2D-D90B1CBE22CA}.Release|Mixed Platforms.Deploy.0 = Release|x86
		{C1C5A21B-4A6D-491B-AB2D-D90B1CBE22CA}.Release|x86.ActiveCfg = Release|x86
		{C1C5A21B-4A6D-491B-AB2D-D90B1CBE22CA}.Release|x86.Build.0 = Release|x86
		{C1C5A21B-4A6D-491B-AB2D-D90B1CBE22CA}.Release|x86.Deploy.0 = Release|x86
		{151FF7AE-B6A5-48A3-81DD-F047F431EF3D}.Ad-Hoc|Any CPU.ActiveCfg = Ad-Hoc|iPhone
		{151FF7AE-B6A5-48A3-81DD-F047F431EF3D}.Ad-Hoc|ARM.ActiveCfg = Ad-Hoc|iPhone
		{151FF7AE-B6A5-48A3-81DD-F047F431EF3D}.Ad-Hoc|iPhone.ActiveCfg = Ad-Hoc|iPhone
		{151FF7AE-B6A5-48A3-81DD-F047F431EF3D}.Ad-Hoc|iPhone.Build.0 = Ad-Hoc|iPhone
		{151FF7AE-B6A5-48A3-81DD-F047F431EF3D}.Ad-Hoc|iPhoneSimulator.ActiveCfg = Ad-Hoc|iPhoneSimulator
		{151FF7AE-B6A5-48A3-81DD-F047F431EF3D}.Ad-Hoc|iPhoneSimulator.Build.0 = Ad-Hoc|iPhoneSimulator
		{151FF7AE-B6A5-48A3-81DD-F047F431EF3D}.Ad-Hoc|Mixed Platforms.ActiveCfg = Ad-Hoc|iPhone
		{151FF7AE-B6A5-48A3-81DD-F047F431EF3D}.Ad-Hoc|Mixed Platforms.Build.0 = Ad-Hoc|iPhone
		{151FF7AE-B6A5-48A3-81DD-F047F431EF3D}.Ad-Hoc|x86.ActiveCfg = Ad-Hoc|iPhone
		{151FF7AE-B6A5-48A3-81DD-F047F431EF3D}.AppStore|Any CPU.ActiveCfg = AppStore|iPhone
		{151FF7AE-B6A5-48A3-81DD-F047F431EF3D}.AppStore|ARM.ActiveCfg = AppStore|iPhone
		{151FF7AE-B6A5-48A3-81DD-F047F431EF3D}.AppStore|iPhone.ActiveCfg = AppStore|iPhone
		{151FF7AE-B6A5-48A3-81DD-F047F431EF3D}.AppStore|iPhone.Build.0 = AppStore|iPhone
		{151FF7AE-B6A5-48A3-81DD-F047F431EF3D}.AppStore|iPhoneSimulator.ActiveCfg = AppStore|iPhoneSimulator
		{151FF7AE-B6A5-48A3-81DD-F047F431EF3D}.AppStore|iPhoneSimulator.Build.0 = AppStore|iPhoneSimulator
		{151FF7AE-B6A5-48A3-81DD-F047F431EF3D}.AppStore|Mixed Platforms.ActiveCfg = AppStore|iPhone
		{151FF7AE-B6A5-48A3-81DD-F047F431EF3D}.AppStore|Mixed Platforms.Build.0 = AppStore|iPhone
		{151FF7AE-B6A5-48A3-81DD-F047F431EF3D}.AppStore|x86.ActiveCfg = AppStore|iPhone
		{151FF7AE-B6A5-48A3-81DD-F047F431EF3D}.Debug|Any CPU.ActiveCfg = Debug|iPhone
		{151FF7AE-B6A5-48A3-81DD-F047F431EF3D}.Debug|ARM.ActiveCfg = Debug|iPhone
		{151FF7AE-B6A5-48A3-81DD-F047F431EF3D}.Debug|iPhone.ActiveCfg = Debug|iPhone
		{151FF7AE-B6A5-48A3-81DD-F047F431EF3D}.Debug|iPhone.Build.0 = Debug|iPhone
		{151FF7AE-B6A5-48A3-81DD-F047F431EF3D}.Debug|iPhoneSimulator.ActiveCfg = Debug|iPhoneSimulator
		{151FF7AE-B6A5-48A3-81DD-F047F431EF3D}.Debug|iPhoneSimulator.Build.0 = Debug|iPhoneSimulator
		{151FF7AE-B6A5-48A3-81DD-F047F431EF3D}.Debug|Mixed Platforms.ActiveCfg = Debug|iPhone
		{151FF7AE-B6A5-48A3-81DD-F047F431EF3D}.Debug|Mixed Platforms.Build.0 = Debug|iPhone
		{151FF7AE-B6A5-48A3-81DD-F047F431EF3D}.Debug|x86.ActiveCfg = Debug|iPhone
		{151FF7AE-B6A5-48A3-81DD-F047F431EF3D}.Release|Any CPU.ActiveCfg = Release|iPhone
		{151FF7AE-B6A5-48A3-81DD-F047F431EF3D}.Release|ARM.ActiveCfg = Release|iPhone
		{151FF7AE-B6A5-48A3-81DD-F047F431EF3D}.Release|iPhone.ActiveCfg = Release|iPhone
		{151FF7AE-B6A5-48A3-81DD-F047F431EF3D}.Release|iPhone.Build.0 = Release|iPhone
		{151FF7AE-B6A5-48A3-81DD-F047F431EF3D}.Release|iPhoneSimulator.ActiveCfg = Release|iPhoneSimulator
		{151FF7AE-B6A5-48A3-81DD-F047F431EF3D}.Release|iPhoneSimulator.Build.0 = Release|iPhoneSimulator
		{151FF7AE-B6A5-48A3-81DD-F047F431EF3D}.Release|Mixed Platforms.ActiveCfg = Release|iPhone
		{151FF7AE-B6A5-48A3-81DD-F047F431EF3D}.Release|Mixed Platforms.Build.0 = Release|iPhone
		{151FF7AE-B6A5-48A3-81DD-F047F431EF3D}.Release|x86.ActiveCfg = Release|iPhone
		{A9F93C19-9A1A-4056-BCBC-94BCA65731B9}.Ad-Hoc|Any CPU.ActiveCfg = Release|Any CPU
		{A9F93C19-9A1A-4056-BCBC-94BCA65731B9}.Ad-Hoc|Any CPU.Build.0 = Release|Any CPU
		{A9F93C19-9A1A-4056-BCBC-94BCA65731B9}.Ad-Hoc|Any CPU.Deploy.0 = Release|Any CPU
		{A9F93C19-9A1A-4056-BCBC-94BCA65731B9}.Ad-Hoc|ARM.ActiveCfg = Release|Any CPU
		{A9F93C19-9A1A-4056-BCBC-94BCA65731B9}.Ad-Hoc|iPhone.ActiveCfg = Release|Any CPU
		{A9F93C19-9A1A-4056-BCBC-94BCA65731B9}.Ad-Hoc|iPhoneSimulator.ActiveCfg = Release|Any CPU
		{A9F93C19-9A1A-4056-BCBC-94BCA65731B9}.Ad-Hoc|Mixed Platforms.ActiveCfg = Release|Any CPU
		{A9F93C19-9A1A-4056-BCBC-94BCA65731B9}.Ad-Hoc|Mixed Platforms.Build.0 = Release|Any CPU
		{A9F93C19-9A1A-4056-BCBC-94BCA65731B9}.Ad-Hoc|Mixed Platforms.Deploy.0 = Release|Any CPU
		{A9F93C19-9A1A-4056-BCBC-94BCA65731B9}.Ad-Hoc|x86.ActiveCfg = Release|Any CPU
		{A9F93C19-9A1A-4056-BCBC-94BCA65731B9}.AppStore|Any CPU.ActiveCfg = Release|Any CPU
		{A9F93C19-9A1A-4056-BCBC-94BCA65731B9}.AppStore|Any CPU.Build.0 = Release|Any CPU
		{A9F93C19-9A1A-4056-BCBC-94BCA65731B9}.AppStore|Any CPU.Deploy.0 = Release|Any CPU
		{A9F93C19-9A1A-4056-BCBC-94BCA65731B9}.AppStore|ARM.ActiveCfg = Release|Any CPU
		{A9F93C19-9A1A-4056-BCBC-94BCA65731B9}.AppStore|iPhone.ActiveCfg = Release|Any CPU
		{A9F93C19-9A1A-4056-BCBC-94BCA65731B9}.AppStore|iPhoneSimulator.ActiveCfg = Release|Any CPU
		{A9F93C19-9A1A-4056-BCBC-94BCA65731B9}.AppStore|Mixed Platforms.ActiveCfg = Release|Any CPU
		{A9F93C19-9A1A-4056-BCBC-94BCA65731B9}.AppStore|Mixed Platforms.Build.0 = Release|Any CPU
		{A9F93C19-9A1A-4056-BCBC-94BCA65731B9}.AppStore|Mixed Platforms.Deploy.0 = Release|Any CPU
		{A9F93C19-9A1A-4056-BCBC-94BCA65731B9}.AppStore|x86.ActiveCfg = Release|Any CPU
		{A9F93C19-9A1A-4056-BCBC-94BCA65731B9}.Debug|Any CPU.ActiveCfg = Debug|Any CPU
		{A9F93C19-9A1A-4056-BCBC-94BCA65731B9}.Debug|Any CPU.Build.0 = Debug|Any CPU
		{A9F93C19-9A1A-4056-BCBC-94BCA65731B9}.Debug|Any CPU.Deploy.0 = Debug|Any CPU
		{A9F93C19-9A1A-4056-BCBC-94BCA65731B9}.Debug|ARM.ActiveCfg = Debug|Any CPU
		{A9F93C19-9A1A-4056-BCBC-94BCA65731B9}.Debug|iPhone.ActiveCfg = Debug|Any CPU
		{A9F93C19-9A1A-4056-BCBC-94BCA65731B9}.Debug|iPhoneSimulator.ActiveCfg = Debug|Any CPU
		{A9F93C19-9A1A-4056-BCBC-94BCA65731B9}.Debug|Mixed Platforms.ActiveCfg = Debug|Any CPU
		{A9F93C19-9A1A-4056-BCBC-94BCA65731B9}.Debug|Mixed Platforms.Build.0 = Debug|Any CPU
		{A9F93C19-9A1A-4056-BCBC-94BCA65731B9}.Debug|Mixed Platforms.Deploy.0 = Debug|Any CPU
		{A9F93C19-9A1A-4056-BCBC-94BCA65731B9}.Debug|x86.ActiveCfg = Debug|Any CPU
		{A9F93C19-9A1A-4056-BCBC-94BCA65731B9}.Release|Any CPU.ActiveCfg = Release|Any CPU
		{A9F93C19-9A1A-4056-BCBC-94BCA65731B9}.Release|Any CPU.Build.0 = Release|Any CPU
		{A9F93C19-9A1A-4056-BCBC-94BCA65731B9}.Release|Any CPU.Deploy.0 = Release|Any CPU
		{A9F93C19-9A1A-4056-BCBC-94BCA65731B9}.Release|ARM.ActiveCfg = Release|Any CPU
		{A9F93C19-9A1A-4056-BCBC-94BCA65731B9}.Release|iPhone.ActiveCfg = Release|Any CPU
		{A9F93C19-9A1A-4056-BCBC-94BCA65731B9}.Release|iPhoneSimulator.ActiveCfg = Release|Any CPU
		{A9F93C19-9A1A-4056-BCBC-94BCA65731B9}.Release|Mixed Platforms.ActiveCfg = Release|Any CPU
		{A9F93C19-9A1A-4056-BCBC-94BCA65731B9}.Release|Mixed Platforms.Build.0 = Release|Any CPU
		{A9F93C19-9A1A-4056-BCBC-94BCA65731B9}.Release|Mixed Platforms.Deploy.0 = Release|Any CPU
		{A9F93C19-9A1A-4056-BCBC-94BCA65731B9}.Release|x86.ActiveCfg = Release|Any CPU
	EndGlobalSection
	GlobalSection(SolutionProperties) = preSolution
		HideSolutionNode = FALSE
	EndGlobalSection
EndGlobal
