
Microsoft Visual Studio Solution File, Format Version 12.00
# Visual Studio 2013
VisualStudioVersion = 12.0.30723.0
MinimumVisualStudioVersion = 10.0.40219.1
Project("{FAE04EC0-301F-11D3-BF4B-00C04F79EFBC}") = "ListViewDragDropSample", "ListViewDragDropSample\ListViewDragDropSample\ListViewDragDropSample.csproj", "{3D4E4D15-1F6A-499F-BF2E-D14F24A5081F}"
EndProject
Project("{FAE04EC0-301F-11D3-BF4B-00C04F79EFBC}") = "ListViewDragDropSample.iOS", "ListViewDragDropSample\ListViewDragDropSample.iOS\ListViewDragDropSample.iOS.csproj", "{A8E14948-3AF2-4F45-ADED-B7C67AFF3514}"
EndProject
Project("{FAE04EC0-301F-11D3-BF4B-00C04F79EFBC}") = "ListViewDragDropSample.Droid", "ListViewDragDropSample\ListViewDragDropSample.Droid\ListViewDragDropSample.Droid.csproj", "{D6334230-FBAB-4C87-937E-1F0A6142287B}"
EndProject
Project("{FAE04EC0-301F-11D3-BF4B-00C04F79EFBC}") = "ListViewDragDropSample.WinPhone", "ListViewDragDropSample\ListViewDragDropSample.WinPhone\ListViewDragDropSample.WinPhone.csproj", "{3EF24B65-5049-4E3F-9A31-48E03B255C37}"
EndProject
Global
	GlobalSection(SolutionConfigurationPlatforms) = preSolution
		Ad-Hoc|Any CPU = Ad-Hoc|Any CPU
		Ad-Hoc|ARM = Ad-Hoc|ARM
		Ad-Hoc|iPhone = Ad-Hoc|iPhone
		Ad-Hoc|iPhoneSimulator = Ad-Hoc|iPhoneSimulator
		Ad-Hoc|Mixed Platforms = Ad-Hoc|Mixed Platforms
		Ad-Hoc|x86 = Ad-Hoc|x86
		AppStore|Any CPU = AppStore|Any CPU
		AppStore|ARM = AppStore|ARM
		AppStore|iPhone = AppStore|iPhone
		AppStore|iPhoneSimulator = AppStore|iPhoneSimulator
		AppStore|Mixed Platforms = AppStore|Mixed Platforms
		AppStore|x86 = AppStore|x86
		Debug|Any CPU = Debug|Any CPU
		Debug|ARM = Debug|ARM
		Debug|iPhone = Debug|iPhone
		Debug|iPhoneSimulator = Debug|iPhoneSimulator
		Debug|Mixed Platforms = Debug|Mixed Platforms
		Debug|x86 = Debug|x86
		Release|Any CPU = Release|Any CPU
		Release|ARM = Release|ARM
		Release|iPhone = Release|iPhone
		Release|iPhoneSimulator = Release|iPhoneSimulator
		Release|Mixed Platforms = Release|Mixed Platforms
		Release|x86 = Release|x86
	EndGlobalSection
	GlobalSection(ProjectConfigurationPlatforms) = postSolution
		{3D4E4D15-1F6A-499F-BF2E-D14F24A5081F}.Ad-Hoc|Any CPU.ActiveCfg = Release|Any CPU
		{3D4E4D15-1F6A-499F-BF2E-D14F24A5081F}.Ad-Hoc|Any CPU.Build.0 = Release|Any CPU
		{3D4E4D15-1F6A-499F-BF2E-D14F24A5081F}.Ad-Hoc|ARM.ActiveCfg = Release|Any CPU
		{3D4E4D15-1F6A-499F-BF2E-D14F24A5081F}.Ad-Hoc|iPhone.ActiveCfg = Release|Any CPU
		{3D4E4D15-1F6A-499F-BF2E-D14F24A5081F}.Ad-Hoc|iPhoneSimulator.ActiveCfg = Release|Any CPU
		{3D4E4D15-1F6A-499F-BF2E-D14F24A5081F}.Ad-Hoc|Mixed Platforms.ActiveCfg = Release|Any CPU
		{3D4E4D15-1F6A-499F-BF2E-D14F24A5081F}.Ad-Hoc|Mixed Platforms.Build.0 = Release|Any CPU
		{3D4E4D15-1F6A-499F-BF2E-D14F24A5081F}.Ad-Hoc|x86.ActiveCfg = Release|Any CPU
		{3D4E4D15-1F6A-499F-BF2E-D14F24A5081F}.AppStore|Any CPU.ActiveCfg = Release|Any CPU
		{3D4E4D15-1F6A-499F-BF2E-D14F24A5081F}.AppStore|Any CPU.Build.0 = Release|Any CPU
		{3D4E4D15-1F6A-499F-BF2E-D14F24A5081F}.AppStore|ARM.ActiveCfg = Release|Any CPU
		{3D4E4D15-1F6A-499F-BF2E-D14F24A5081F}.AppStore|iPhone.ActiveCfg = Release|Any CPU
		{3D4E4D15-1F6A-499F-BF2E-D14F24A5081F}.AppStore|iPhoneSimulator.ActiveCfg = Release|Any CPU
		{3D4E4D15-1F6A-499F-BF2E-D14F24A5081F}.AppStore|Mixed Platforms.ActiveCfg = Release|Any CPU
		{3D4E4D15-1F6A-499F-BF2E-D14F24A5081F}.AppStore|Mixed Platforms.Build.0 = Release|Any CPU
		{3D4E4D15-1F6A-499F-BF2E-D14F24A5081F}.AppStore|x86.ActiveCfg = Release|Any CPU
		{3D4E4D15-1F6A-499F-BF2E-D14F24A5081F}.Debug|Any CPU.ActiveCfg = Debug|Any CPU
		{3D4E4D15-1F6A-499F-BF2E-D14F24A5081F}.Debug|Any CPU.Build.0 = Debug|Any CPU
		{3D4E4D15-1F6A-499F-BF2E-D14F24A5081F}.Debug|ARM.ActiveCfg = Debug|Any CPU
		{3D4E4D15-1F6A-499F-BF2E-D14F24A5081F}.Debug|iPhone.ActiveCfg = Debug|Any CPU
		{3D4E4D15-1F6A-499F-BF2E-D14F24A5081F}.Debug|iPhoneSimulator.ActiveCfg = Debug|Any CPU
		{3D4E4D15-1F6A-499F-BF2E-D14F24A5081F}.Debug|Mixed Platforms.ActiveCfg = Debug|Any CPU
		{3D4E4D15-1F6A-499F-BF2E-D14F24A5081F}.Debug|Mixed Platforms.Build.0 = Debug|Any CPU
		{3D4E4D15-1F6A-499F-BF2E-D14F24A5081F}.Debug|x86.ActiveCfg = Debug|Any CPU
		{3D4E4D15-1F6A-499F-BF2E-D14F24A5081F}.Release|Any CPU.ActiveCfg = Release|Any CPU
		{3D4E4D15-1F6A-499F-BF2E-D14F24A5081F}.Release|Any CPU.Build.0 = Release|Any CPU
		{3D4E4D15-1F6A-499F-BF2E-D14F24A5081F}.Release|ARM.ActiveCfg = Release|Any CPU
		{3D4E4D15-1F6A-499F-BF2E-D14F24A5081F}.Release|iPhone.ActiveCfg = Release|Any CPU
		{3D4E4D15-1F6A-499F-BF2E-D14F24A5081F}.Release|iPhoneSimulator.ActiveCfg = Release|Any CPU
		{3D4E4D15-1F6A-499F-BF2E-D14F24A5081F}.Release|Mixed Platforms.ActiveCfg = Release|Any CPU
		{3D4E4D15-1F6A-499F-BF2E-D14F24A5081F}.Release|Mixed Platforms.Build.0 = Release|Any CPU
		{3D4E4D15-1F6A-499F-BF2E-D14F24A5081F}.Release|x86.ActiveCfg = Release|Any CPU
		{A8E14948-3AF2-4F45-ADED-B7C67AFF3514}.Ad-Hoc|Any CPU.ActiveCfg = Ad-Hoc|iPhone
		{A8E14948-3AF2-4F45-ADED-B7C67AFF3514}.Ad-Hoc|ARM.ActiveCfg = Ad-Hoc|iPhone
		{A8E14948-3AF2-4F45-ADED-B7C67AFF3514}.Ad-Hoc|iPhone.ActiveCfg = Ad-Hoc|iPhone
		{A8E14948-3AF2-4F45-ADED-B7C67AFF3514}.Ad-Hoc|iPhone.Build.0 = Ad-Hoc|iPhone
		{A8E14948-3AF2-4F45-ADED-B7C67AFF3514}.Ad-Hoc|iPhoneSimulator.ActiveCfg = Ad-Hoc|iPhoneSimulator
		{A8E14948-3AF2-4F45-ADED-B7C67AFF3514}.Ad-Hoc|iPhoneSimulator.Build.0 = Ad-Hoc|iPhoneSimulator
		{A8E14948-3AF2-4F45-ADED-B7C67AFF3514}.Ad-Hoc|Mixed Platforms.ActiveCfg = Ad-Hoc|iPhone
		{A8E14948-3AF2-4F45-ADED-B7C67AFF3514}.Ad-Hoc|Mixed Platforms.Build.0 = Ad-Hoc|iPhone
		{A8E14948-3AF2-4F45-ADED-B7C67AFF3514}.Ad-Hoc|x86.ActiveCfg = Ad-Hoc|iPhone
		{A8E14948-3AF2-4F45-ADED-B7C67AFF3514}.AppStore|Any CPU.ActiveCfg = AppStore|iPhone
		{A8E14948-3AF2-4F45-ADED-B7C67AFF3514}.AppStore|ARM.ActiveCfg = AppStore|iPhone
		{A8E14948-3AF2-4F45-ADED-B7C67AFF3514}.AppStore|iPhone.ActiveCfg = AppStore|iPhone
		{A8E14948-3AF2-4F45-ADED-B7C67AFF3514}.AppStore|iPhone.Build.0 = AppStore|iPhone
		{A8E14948-3AF2-4F45-ADED-B7C67AFF3514}.AppStore|iPhoneSimulator.ActiveCfg = AppStore|iPhoneSimulator
		{A8E14948-3AF2-4F45-ADED-B7C67AFF3514}.AppStore|iPhoneSimulator.Build.0 = AppStore|iPhoneSimulator
		{A8E14948-3AF2-4F45-ADED-B7C67AFF3514}.AppStore|Mixed Platforms.ActiveCfg = AppStore|iPhone
		{A8E14948-3AF2-4F45-ADED-B7C67AFF3514}.AppStore|Mixed Platforms.Build.0 = AppStore|iPhone
		{A8E14948-3AF2-4F45-ADED-B7C67AFF3514}.AppStore|x86.ActiveCfg = AppStore|iPhone
		{A8E14948-3AF2-4F45-ADED-B7C67AFF3514}.Debug|Any CPU.ActiveCfg = Debug|iPhone
		{A8E14948-3AF2-4F45-ADED-B7C67AFF3514}.Debug|ARM.ActiveCfg = Debug|iPhone
		{A8E14948-3AF2-4F45-ADED-B7C67AFF3514}.Debug|iPhone.ActiveCfg = Debug|iPhone
		{A8E14948-3AF2-4F45-ADED-B7C67AFF3514}.Debug|iPhone.Build.0 = Debug|iPhone
		{A8E14948-3AF2-4F45-ADED-B7C67AFF3514}.Debug|iPhoneSimulator.ActiveCfg = Debug|iPhoneSimulator
		{A8E14948-3AF2-4F45-ADED-B7C67AFF3514}.Debug|iPhoneSimulator.Build.0 = Debug|iPhoneSimulator
		{A8E14948-3AF2-4F45-ADED-B7C67AFF3514}.Debug|Mixed Platforms.ActiveCfg = Debug|iPhone
		{A8E14948-3AF2-4F45-ADED-B7C67AFF3514}.Debug|Mixed Platforms.Build.0 = Debug|iPhone
		{A8E14948-3AF2-4F45-ADED-B7C67AFF3514}.Debug|x86.ActiveCfg = Debug|iPhone
		{A8E14948-3AF2-4F45-ADED-B7C67AFF3514}.Release|Any CPU.ActiveCfg = Release|iPhone
		{A8E14948-3AF2-4F45-ADED-B7C67AFF3514}.Release|ARM.ActiveCfg = Release|iPhone
		{A8E14948-3AF2-4F45-ADED-B7C67AFF3514}.Release|iPhone.ActiveCfg = Release|iPhone
		{A8E14948-3AF2-4F45-ADED-B7C67AFF3514}.Release|iPhone.Build.0 = Release|iPhone
		{A8E14948-3AF2-4F45-ADED-B7C67AFF3514}.Release|iPhoneSimulator.ActiveCfg = Release|iPhoneSimulator
		{A8E14948-3AF2-4F45-ADED-B7C67AFF3514}.Release|iPhoneSimulator.Build.0 = Release|iPhoneSimulator
		{A8E14948-3AF2-4F45-ADED-B7C67AFF3514}.Release|Mixed Platforms.ActiveCfg = Release|iPhone
		{A8E14948-3AF2-4F45-ADED-B7C67AFF3514}.Release|Mixed Platforms.Build.0 = Release|iPhone
		{A8E14948-3AF2-4F45-ADED-B7C67AFF3514}.Release|x86.ActiveCfg = Release|iPhone
		{D6334230-FBAB-4C87-937E-1F0A6142287B}.Ad-Hoc|Any CPU.ActiveCfg = Release|Any CPU
		{D6334230-FBAB-4C87-937E-1F0A6142287B}.Ad-Hoc|Any CPU.Build.0 = Release|Any CPU
		{D6334230-FBAB-4C87-937E-1F0A6142287B}.Ad-Hoc|Any CPU.Deploy.0 = Release|Any CPU
		{D6334230-FBAB-4C87-937E-1F0A6142287B}.Ad-Hoc|ARM.ActiveCfg = Release|Any CPU
		{D6334230-FBAB-4C87-937E-1F0A6142287B}.Ad-Hoc|iPhone.ActiveCfg = Release|Any CPU
		{D6334230-FBAB-4C87-937E-1F0A6142287B}.Ad-Hoc|iPhoneSimulator.ActiveCfg = Release|Any CPU
		{D6334230-FBAB-4C87-937E-1F0A6142287B}.Ad-Hoc|Mixed Platforms.ActiveCfg = Release|Any CPU
		{D6334230-FBAB-4C87-937E-1F0A6142287B}.Ad-Hoc|Mixed Platforms.Build.0 = Release|Any CPU
		{D6334230-FBAB-4C87-937E-1F0A6142287B}.Ad-Hoc|Mixed Platforms.Deploy.0 = Release|Any CPU
		{D6334230-FBAB-4C87-937E-1F0A6142287B}.Ad-Hoc|x86.ActiveCfg = Release|Any CPU
		{D6334230-FBAB-4C87-937E-1F0A6142287B}.AppStore|Any CPU.ActiveCfg = Release|Any CPU
		{D6334230-FBAB-4C87-937E-1F0A6142287B}.AppStore|Any CPU.Build.0 = Release|Any CPU
		{D6334230-FBAB-4C87-937E-1F0A6142287B}.AppStore|Any CPU.Deploy.0 = Release|Any CPU
		{D6334230-FBAB-4C87-937E-1F0A6142287B}.AppStore|ARM.ActiveCfg = Release|Any CPU
		{D6334230-FBAB-4C87-937E-1F0A6142287B}.AppStore|iPhone.ActiveCfg = Release|Any CPU
		{D6334230-FBAB-4C87-937E-1F0A6142287B}.AppStore|iPhoneSimulator.ActiveCfg = Release|Any CPU
		{D6334230-FBAB-4C87-937E-1F0A6142287B}.AppStore|Mixed Platforms.ActiveCfg = Release|Any CPU
		{D6334230-FBAB-4C87-937E-1F0A6142287B}.AppStore|Mixed Platforms.Build.0 = Release|Any CPU
		{D6334230-FBAB-4C87-937E-1F0A6142287B}.AppStore|Mixed Platforms.Deploy.0 = Release|Any CPU
		{D6334230-FBAB-4C87-937E-1F0A6142287B}.AppStore|x86.ActiveCfg = Release|Any CPU
		{D6334230-FBAB-4C87-937E-1F0A6142287B}.Debug|Any CPU.ActiveCfg = Debug|Any CPU
		{D6334230-FBAB-4C87-937E-1F0A6142287B}.Debug|Any CPU.Build.0 = Debug|Any CPU
		{D6334230-FBAB-4C87-937E-1F0A6142287B}.Debug|Any CPU.Deploy.0 = Debug|Any CPU
		{D6334230-FBAB-4C87-937E-1F0A6142287B}.Debug|ARM.ActiveCfg = Debug|Any CPU
		{D6334230-FBAB-4C87-937E-1F0A6142287B}.Debug|iPhone.ActiveCfg = Debug|Any CPU
		{D6334230-FBAB-4C87-937E-1F0A6142287B}.Debug|iPhoneSimulator.ActiveCfg = Debug|Any CPU
		{D6334230-FBAB-4C87-937E-1F0A6142287B}.Debug|Mixed Platforms.ActiveCfg = Debug|Any CPU
		{D6334230-FBAB-4C87-937E-1F0A6142287B}.Debug|Mixed Platforms.Build.0 = Debug|Any CPU
		{D6334230-FBAB-4C87-937E-1F0A6142287B}.Debug|Mixed Platforms.Deploy.0 = Debug|Any CPU
		{D6334230-FBAB-4C87-937E-1F0A6142287B}.Debug|x86.ActiveCfg = Debug|Any CPU
		{D6334230-FBAB-4C87-937E-1F0A6142287B}.Release|Any CPU.ActiveCfg = Release|Any CPU
		{D6334230-FBAB-4C87-937E-1F0A6142287B}.Release|Any CPU.Build.0 = Release|Any CPU
		{D6334230-FBAB-4C87-937E-1F0A6142287B}.Release|Any CPU.Deploy.0 = Release|Any CPU
		{D6334230-FBAB-4C87-937E-1F0A6142287B}.Release|ARM.ActiveCfg = Release|Any CPU
		{D6334230-FBAB-4C87-937E-1F0A6142287B}.Release|iPhone.ActiveCfg = Release|Any CPU
		{D6334230-FBAB-4C87-937E-1F0A6142287B}.Release|iPhoneSimulator.ActiveCfg = Release|Any CPU
		{D6334230-FBAB-4C87-937E-1F0A6142287B}.Release|Mixed Platforms.ActiveCfg = Release|Any CPU
		{D6334230-FBAB-4C87-937E-1F0A6142287B}.Release|Mixed Platforms.Build.0 = Release|Any CPU
		{D6334230-FBAB-4C87-937E-1F0A6142287B}.Release|Mixed Platforms.Deploy.0 = Release|Any CPU
		{D6334230-FBAB-4C87-937E-1F0A6142287B}.Release|x86.ActiveCfg = Release|Any CPU
		{3EF24B65-5049-4E3F-9A31-48E03B255C37}.Ad-Hoc|Any CPU.ActiveCfg = Release|Any CPU
		{3EF24B65-5049-4E3F-9A31-48E03B255C37}.Ad-Hoc|Any CPU.Build.0 = Release|Any CPU
		{3EF24B65-5049-4E3F-9A31-48E03B255C37}.Ad-Hoc|Any CPU.Deploy.0 = Release|Any CPU
		{3EF24B65-5049-4E3F-9A31-48E03B255C37}.Ad-Hoc|ARM.ActiveCfg = Release|ARM
		{3EF24B65-5049-4E3F-9A31-48E03B255C37}.Ad-Hoc|ARM.Build.0 = Release|ARM
		{3EF24B65-5049-4E3F-9A31-48E03B255C37}.Ad-Hoc|ARM.Deploy.0 = Release|ARM
		{3EF24B65-5049-4E3F-9A31-48E03B255C37}.Ad-Hoc|iPhone.ActiveCfg = Release|Any CPU
		{3EF24B65-5049-4E3F-9A31-48E03B255C37}.Ad-Hoc|iPhoneSimulator.ActiveCfg = Release|Any CPU
		{3EF24B65-5049-4E3F-9A31-48E03B255C37}.Ad-Hoc|Mixed Platforms.ActiveCfg = Release|x86
		{3EF24B65-5049-4E3F-9A31-48E03B255C37}.Ad-Hoc|Mixed Platforms.Build.0 = Release|x86
		{3EF24B65-5049-4E3F-9A31-48E03B255C37}.Ad-Hoc|Mixed Platforms.Deploy.0 = Release|x86
		{3EF24B65-5049-4E3F-9A31-48E03B255C37}.Ad-Hoc|x86.ActiveCfg = Release|x86
		{3EF24B65-5049-4E3F-9A31-48E03B255C37}.Ad-Hoc|x86.Build.0 = Release|x86
		{3EF24B65-5049-4E3F-9A31-48E03B255C37}.Ad-Hoc|x86.Deploy.0 = Release|x86
		{3EF24B65-5049-4E3F-9A31-48E03B255C37}.AppStore|Any CPU.ActiveCfg = Release|Any CPU
		{3EF24B65-5049-4E3F-9A31-48E03B255C37}.AppStore|Any CPU.Build.0 = Release|Any CPU
		{3EF24B65-5049-4E3F-9A31-48E03B255C37}.AppStore|Any CPU.Deploy.0 = Release|Any CPU
		{3EF24B65-5049-4E3F-9A31-48E03B255C37}.AppStore|ARM.ActiveCfg = Release|ARM
		{3EF24B65-5049-4E3F-9A31-48E03B255C37}.AppStore|ARM.Build.0 = Release|ARM
		{3EF24B65-5049-4E3F-9A31-48E03B255C37}.AppStore|ARM.Deploy.0 = Release|ARM
		{3EF24B65-5049-4E3F-9A31-48E03B255C37}.AppStore|iPhone.ActiveCfg = Release|Any CPU
		{3EF24B65-5049-4E3F-9A31-48E03B255C37}.AppStore|iPhoneSimulator.ActiveCfg = Release|Any CPU
		{3EF24B65-5049-4E3F-9A31-48E03B255C37}.AppStore|Mixed Platforms.ActiveCfg = Release|x86
		{3EF24B65-5049-4E3F-9A31-48E03B255C37}.AppStore|Mixed Platforms.Build.0 = Release|x86
		{3EF24B65-5049-4E3F-9A31-48E03B255C37}.AppStore|Mixed Platforms.Deploy.0 = Release|x86
		{3EF24B65-5049-4E3F-9A31-48E03B255C37}.AppStore|x86.ActiveCfg = Release|x86
		{3EF24B65-5049-4E3F-9A31-48E03B255C37}.AppStore|x86.Build.0 = Release|x86
		{3EF24B65-5049-4E3F-9A31-48E03B255C37}.AppStore|x86.Deploy.0 = Release|x86
		{3EF24B65-5049-4E3F-9A31-48E03B255C37}.Debug|Any CPU.ActiveCfg = Debug|Any CPU
		{3EF24B65-5049-4E3F-9A31-48E03B255C37}.Debug|ARM.ActiveCfg = Debug|ARM
		{3EF24B65-5049-4E3F-9A31-48E03B255C37}.Debug|ARM.Build.0 = Debug|ARM
		{3EF24B65-5049-4E3F-9A31-48E03B255C37}.Debug|ARM.Deploy.0 = Debug|ARM
		{3EF24B65-5049-4E3F-9A31-48E03B255C37}.Debug|iPhone.ActiveCfg = Debug|Any CPU
		{3EF24B65-5049-4E3F-9A31-48E03B255C37}.Debug|iPhoneSimulator.ActiveCfg = Debug|Any CPU
		{3EF24B65-5049-4E3F-9A31-48E03B255C37}.Debug|Mixed Platforms.ActiveCfg = Debug|x86
		{3EF24B65-5049-4E3F-9A31-48E03B255C37}.Debug|Mixed Platforms.Build.0 = Debug|x86
		{3EF24B65-5049-4E3F-9A31-48E03B255C37}.Debug|Mixed Platforms.Deploy.0 = Debug|x86
		{3EF24B65-5049-4E3F-9A31-48E03B255C37}.Debug|x86.ActiveCfg = Debug|x86
		{3EF24B65-5049-4E3F-9A31-48E03B255C37}.Debug|x86.Build.0 = Debug|x86
		{3EF24B65-5049-4E3F-9A31-48E03B255C37}.Debug|x86.Deploy.0 = Debug|x86
		{3EF24B65-5049-4E3F-9A31-48E03B255C37}.Release|Any CPU.ActiveCfg = Release|Any CPU
		{3EF24B65-5049-4E3F-9A31-48E03B255C37}.Release|Any CPU.Build.0 = Release|Any CPU
		{3EF24B65-5049-4E3F-9A31-48E03B255C37}.Release|Any CPU.Deploy.0 = Release|Any CPU
		{3EF24B65-5049-4E3F-9A31-48E03B255C37}.Release|ARM.ActiveCfg = Release|ARM
		{3EF24B65-5049-4E3F-9A31-48E03B255C37}.Release|ARM.Build.0 = Release|ARM
		{3EF24B65-5049-4E3F-9A31-48E03B255C37}.Release|ARM.Deploy.0 = Release|ARM
		{3EF24B65-5049-4E3F-9A31-48E03B255C37}.Release|iPhone.ActiveCfg = Release|Any CPU
		{3EF24B65-5049-4E3F-9A31-48E03B255C37}.Release|iPhoneSimulator.ActiveCfg = Release|Any CPU
		{3EF24B65-5049-4E3F-9A31-48E03B255C37}.Release|Mixed Platforms.ActiveCfg = Release|x86
		{3EF24B65-5049-4E3F-9A31-48E03B255C37}.Release|Mixed Platforms.Build.0 = Release|x86
		{3EF24B65-5049-4E3F-9A31-48E03B255C37}.Release|Mixed Platforms.Deploy.0 = Release|x86
		{3EF24B65-5049-4E3F-9A31-48E03B255C37}.Release|x86.ActiveCfg = Release|x86
		{3EF24B65-5049-4E3F-9A31-48E03B255C37}.Release|x86.Build.0 = Release|x86
		{3EF24B65-5049-4E3F-9A31-48E03B255C37}.Release|x86.Deploy.0 = Release|x86
	EndGlobalSection
	GlobalSection(SolutionProperties) = preSolution
		HideSolutionNode = FALSE
	EndGlobalSection
EndGlobal
